
Microsoft Visual Studio Solution File, Format Version 12.00
# Visual Studio 15
VisualStudioVersion = 15.0.28307.438
MinimumVisualStudioVersion = 10.0.40219.1
Project("{8BC9CEB8-8B4A-11D0-8D11-00A0C91BC942}") = "tri", "tri\tri.vcxproj", "{F440FCCB-B526-4A8E-9B2D-539BC1D93D88}"
EndProject
Global
	GlobalSection(SolutionConfigurationPlatforms) = preSolution
		Debug|x64 = Debug|x64
		Debug|x86 = Debug|x86
		Release|x64 = Release|x64
		Release|x86 = Release|x86
	EndGlobalSection
	GlobalSection(ProjectConfigurationPlatforms) = postSolution
		{F440FCCB-B526-4A8E-9B2D-539BC1D93D88}.Debug|x64.ActiveCfg = Debug|x64
		{F440FCCB-B526-4A8E-9B2D-539BC1D93D88}.Debug|x64.Build.0 = Debug|x64
		{F440FCCB-B526-4A8E-9B2D-539BC1D93D88}.Debug|x86.ActiveCfg = Debug|Win32
		{F440FCCB-B526-4A8E-9B2D-539BC1D93D88}.Debug|x86.Build.0 = Debug|Win32
		{F440FCCB-B526-4A8E-9B2D-539BC1D93D88}.Release|x64.ActiveCfg = Release|x64
		{F440FCCB-B526-4A8E-9B2D-539BC1D93D88}.Release|x64.Build.0 = Release|x64
		{F440FCCB-B526-4A8E-9B2D-539BC1D93D88}.Release|x86.ActiveCfg = Release|Win32
		{F440FCCB-B526-4A8E-9B2D-539BC1D93D88}.Release|x86.Build.0 = Release|Win32
	EndGlobalSection
	GlobalSection(SolutionProperties) = preSolution
		HideSolutionNode = FALSE
	EndGlobalSection
	GlobalSection(ExtensibilityGlobals) = postSolution
		SolutionGuid = {5F841283-B6F4-426C-8895-7ECEE10D22A8}
	EndGlobalSection
EndGlobal
